
Microsoft Visual Studio Solution File, Format Version 12.00
# Visual Studio Version 16
VisualStudioVersion = 16.0.29926.136
MinimumVisualStudioVersion = 10.0.40219.1
Project("{FAE04EC0-301F-11D3-BF4B-00C04F79EFBC}") = "OSLABA(threadsCONSOLE)", "OSLABA(threadsCONSOLE)\OSLABA(threadsCONSOLE).csproj", "{128799AC-2180-4188-A9B2-96EF87347337}"
EndProject
Global
	GlobalSection(SolutionConfigurationPlatforms) = preSolution
		Debug|Any CPU = Debug|Any CPU
		Release|Any CPU = Release|Any CPU
	EndGlobalSection
	GlobalSection(ProjectConfigurationPlatforms) = postSolution
		{128799AC-2180-4188-A9B2-96EF87347337}.Debug|Any CPU.ActiveCfg = Debug|Any CPU
		{128799AC-2180-4188-A9B2-96EF87347337}.Debug|Any CPU.Build.0 = Debug|Any CPU
		{128799AC-2180-4188-A9B2-96EF87347337}.Release|Any CPU.ActiveCfg = Release|Any CPU
		{128799AC-2180-4188-A9B2-96EF87347337}.Release|Any CPU.Build.0 = Release|Any CPU
	EndGlobalSection
	GlobalSection(SolutionProperties) = preSolution
		HideSolutionNode = FALSE
	EndGlobalSection
	GlobalSection(ExtensibilityGlobals) = postSolution
		SolutionGuid = {2E42F815-3869-4B2A-AF36-F3A566AF819C}
	EndGlobalSection
EndGlobal
